// !$*UTF8*$!
{
	archiveVersion = 1;
	classes = {
	};
	objectVersion = 56;
	objects = {

/* Begin PBXBuildFile section */
		30A007432BA16CE0001EB69E /* Logging in Frameworks */ = {isa = PBXBuildFile; productRef = 30A007422BA16CE0001EB69E /* Logging */; };
		30A007462BA16CF6001EB69E /* FileLogging in Frameworks */ = {isa = PBXBuildFile; productRef = 30A007452BA16CF6001EB69E /* FileLogging */; };
		30A007482BA16D07001EB69E /* Logger.swift in Sources */ = {isa = PBXBuildFile; fileRef = 30A007472BA16D07001EB69E /* Logger.swift */; };
		30B2B6BB2B9DCA1E00DF397D /* main.swift in Sources */ = {isa = PBXBuildFile; fileRef = 30B2B6BA2B9DCA1E00DF397D /* main.swift */; };
		30B6F8332B9F3AE900FA1F1C /* ArgumentParser in Frameworks */ = {isa = PBXBuildFile; productRef = 30B6F8322B9F3AE900FA1F1C /* ArgumentParser */; };
/* End PBXBuildFile section */

/* Begin PBXCopyFilesBuildPhase section */
		30B2B6B52B9DCA1E00DF397D /* CopyFiles */ = {
			isa = PBXCopyFilesBuildPhase;
			buildActionMask = 2147483647;
			dstPath = /usr/share/man/man1/;
			dstSubfolderSpec = 0;
			files = (
			);
			runOnlyForDeploymentPostprocessing = 1;
		};
/* End PBXCopyFilesBuildPhase section */

/* Begin PBXFileReference section */
		30A007472BA16D07001EB69E /* Logger.swift */ = {isa = PBXFileReference; lastKnownFileType = sourcecode.swift; path = Logger.swift; sourceTree = "<group>"; };
		30B2B6B72B9DCA1E00DF397D /* pdc */ = {isa = PBXFileReference; explicitFileType = "compiled.mach-o.executable"; includeInIndex = 0; path = pdc; sourceTree = BUILT_PRODUCTS_DIR; };
		30B2B6BA2B9DCA1E00DF397D /* main.swift */ = {isa = PBXFileReference; lastKnownFileType = sourcecode.swift; path = main.swift; sourceTree = "<group>"; };
/* End PBXFileReference section */

/* Begin PBXFrameworksBuildPhase section */
		30B2B6B42B9DCA1E00DF397D /* Frameworks */ = {
			isa = PBXFrameworksBuildPhase;
			buildActionMask = 2147483647;
			files = (
				30A007462BA16CF6001EB69E /* FileLogging in Frameworks */,
				30A007432BA16CE0001EB69E /* Logging in Frameworks */,
				30B6F8332B9F3AE900FA1F1C /* ArgumentParser in Frameworks */,
			);
			runOnlyForDeploymentPostprocessing = 0;
		};
/* End PBXFrameworksBuildPhase section */

/* Begin PBXGroup section */
		30B2B6AE2B9DCA1E00DF397D = {
			isa = PBXGroup;
			children = (
				30B2B6B92B9DCA1E00DF397D /* pdc */,
				30B2B6B82B9DCA1E00DF397D /* Products */,
			);
			sourceTree = "<group>";
		};
		30B2B6B82B9DCA1E00DF397D /* Products */ = {
			isa = PBXGroup;
			children = (
				30B2B6B72B9DCA1E00DF397D /* pdc */,
			);
			name = Products;
			sourceTree = "<group>";
		};
		30B2B6B92B9DCA1E00DF397D /* pdc */ = {
			isa = PBXGroup;
			children = (
				30B2B6BA2B9DCA1E00DF397D /* main.swift */,
				30A007472BA16D07001EB69E /* Logger.swift */,
			);
			path = pdc;
			sourceTree = "<group>";
		};
/* End PBXGroup section */

/* Begin PBXNativeTarget section */
		30B2B6B62B9DCA1E00DF397D /* pdc */ = {
			isa = PBXNativeTarget;
			buildConfigurationList = 30B2B6BE2B9DCA1E00DF397D /* Build configuration list for PBXNativeTarget "pdc" */;
			buildPhases = (
				30B2B6B32B9DCA1E00DF397D /* Sources */,
				30B2B6B42B9DCA1E00DF397D /* Frameworks */,
				30B2B6B52B9DCA1E00DF397D /* CopyFiles */,
			);
			buildRules = (
			);
			dependencies = (
			);
			name = pdc;
			packageProductDependencies = (
				30B6F8322B9F3AE900FA1F1C /* ArgumentParser */,
				30A007422BA16CE0001EB69E /* Logging */,
				30A007452BA16CF6001EB69E /* FileLogging */,
			);
			productName = pdc;
			productReference = 30B2B6B72B9DCA1E00DF397D /* pdc */;
			productType = "com.apple.product-type.tool";
		};
/* End PBXNativeTarget section */

/* Begin PBXProject section */
		30B2B6AF2B9DCA1E00DF397D /* Project object */ = {
			isa = PBXProject;
			attributes = {
				BuildIndependentTargetsInParallel = 1;
				LastSwiftUpdateCheck = 1520;
				LastUpgradeCheck = 1520;
				TargetAttributes = {
					30B2B6B62B9DCA1E00DF397D = {
						CreatedOnToolsVersion = 15.2;
					};
				};
			};
			buildConfigurationList = 30B2B6B22B9DCA1E00DF397D /* Build configuration list for PBXProject "pdc" */;
			compatibilityVersion = "Xcode 14.0";
			developmentRegion = en;
			hasScannedForEncodings = 0;
			knownRegions = (
				en,
				Base,
			);
			mainGroup = 30B2B6AE2B9DCA1E00DF397D;
			packageReferences = (
				30B6F8312B9F3AE900FA1F1C /* XCRemoteSwiftPackageReference "swift-argument-parser" */,
				30A007412BA16CE0001EB69E /* XCRemoteSwiftPackageReference "swift-log" */,
				30A007442BA16CF6001EB69E /* XCRemoteSwiftPackageReference "swift-log-file" */,
			);
			productRefGroup = 30B2B6B82B9DCA1E00DF397D /* Products */;
			projectDirPath = "";
			projectRoot = "";
			targets = (
				30B2B6B62B9DCA1E00DF397D /* pdc */,
			);
		};
/* End PBXProject section */

/* Begin PBXSourcesBuildPhase section */
		30B2B6B32B9DCA1E00DF397D /* Sources */ = {
			isa = PBXSourcesBuildPhase;
			buildActionMask = 2147483647;
			files = (
				30B2B6BB2B9DCA1E00DF397D /* main.swift in Sources */,
				30A007482BA16D07001EB69E /* Logger.swift in Sources */,
			);
			runOnlyForDeploymentPostprocessing = 0;
		};
/* End PBXSourcesBuildPhase section */

/* Begin XCBuildConfiguration section */
		30B2B6BC2B9DCA1E00DF397D /* Debug */ = {
			isa = XCBuildConfiguration;
			buildSettings = {
				ALWAYS_SEARCH_USER_PATHS = NO;
				ASSETCATALOG_COMPILER_GENERATE_SWIFT_ASSET_SYMBOL_EXTENSIONS = YES;
				CLANG_ANALYZER_NONNULL = YES;
				CLANG_ANALYZER_NUMBER_OBJECT_CONVERSION = YES_AGGRESSIVE;
				CLANG_CXX_LANGUAGE_STANDARD = "gnu++20";
				CLANG_ENABLE_MODULES = YES;
				CLANG_ENABLE_OBJC_ARC = YES;
				CLANG_ENABLE_OBJC_WEAK = YES;
				CLANG_WARN_BLOCK_CAPTURE_AUTORELEASING = YES;
				CLANG_WARN_BOOL_CONVERSION = YES;
				CLANG_WARN_COMMA = YES;
				CLANG_WARN_CONSTANT_CONVERSION = YES;
				CLANG_WARN_DEPRECATED_OBJC_IMPLEMENTATIONS = YES;
				CLANG_WARN_DIRECT_OBJC_ISA_USAGE = YES_ERROR;
				CLANG_WARN_DOCUMENTATION_COMMENTS = YES;
				CLANG_WARN_EMPTY_BODY = YES;
				CLANG_WARN_ENUM_CONVERSION = YES;
				CLANG_WARN_INFINITE_RECURSION = YES;
				CLANG_WARN_INT_CONVERSION = YES;
				CLANG_WARN_NON_LITERAL_NULL_CONVERSION = YES;
				CLANG_WARN_OBJC_IMPLICIT_RETAIN_SELF = YES;
				CLANG_WARN_OBJC_LITERAL_CONVERSION = YES;
				CLANG_WARN_OBJC_ROOT_CLASS = YES_ERROR;
				CLANG_WARN_QUOTED_INCLUDE_IN_FRAMEWORK_HEADER = YES;
				CLANG_WARN_RANGE_LOOP_ANALYSIS = YES;
				CLANG_WARN_STRICT_PROTOTYPES = YES;
				CLANG_WARN_SUSPICIOUS_MOVE = YES;
				CLANG_WARN_UNGUARDED_AVAILABILITY = YES_AGGRESSIVE;
				CLANG_WARN_UNREACHABLE_CODE = YES;
				CLANG_WARN__DUPLICATE_METHOD_MATCH = YES;
				COPY_PHASE_STRIP = NO;
				DEBUG_INFORMATION_FORMAT = dwarf;
				ENABLE_STRICT_OBJC_MSGSEND = YES;
				ENABLE_TESTABILITY = YES;
				ENABLE_USER_SCRIPT_SANDBOXING = YES;
				GCC_C_LANGUAGE_STANDARD = gnu17;
				GCC_DYNAMIC_NO_PIC = NO;
				GCC_NO_COMMON_BLOCKS = YES;
				GCC_OPTIMIZATION_LEVEL = 0;
				GCC_PREPROCESSOR_DEFINITIONS = (
					"DEBUG=1",
					"$(inherited)",
				);
				GCC_WARN_64_TO_32_BIT_CONVERSION = YES;
				GCC_WARN_ABOUT_RETURN_TYPE = YES_ERROR;
				GCC_WARN_UNDECLARED_SELECTOR = YES;
				GCC_WARN_UNINITIALIZED_AUTOS = YES_AGGRESSIVE;
				GCC_WARN_UNUSED_FUNCTION = YES;
				GCC_WARN_UNUSED_VARIABLE = YES;
				LOCALIZATION_PREFERS_STRING_CATALOGS = YES;
				MACOSX_DEPLOYMENT_TARGET = 14.2;
				MTL_ENABLE_DEBUG_INFO = INCLUDE_SOURCE;
				MTL_FAST_MATH = YES;
				ONLY_ACTIVE_ARCH = YES;
				SDKROOT = macosx;
				SWIFT_ACTIVE_COMPILATION_CONDITIONS = "DEBUG $(inherited)";
				SWIFT_OPTIMIZATION_LEVEL = "-Onone";
			};
			name = Debug;
		};
		30B2B6BD2B9DCA1E00DF397D /* Release */ = {
			isa = XCBuildConfiguration;
			buildSettings = {
				ALWAYS_SEARCH_USER_PATHS = NO;
				ASSETCATALOG_COMPILER_GENERATE_SWIFT_ASSET_SYMBOL_EXTENSIONS = YES;
				CLANG_ANALYZER_NONNULL = YES;
				CLANG_ANALYZER_NUMBER_OBJECT_CONVERSION = YES_AGGRESSIVE;
				CLANG_CXX_LANGUAGE_STANDARD = "gnu++20";
				CLANG_ENABLE_MODULES = YES;
				CLANG_ENABLE_OBJC_ARC = YES;
				CLANG_ENABLE_OBJC_WEAK = YES;
				CLANG_WARN_BLOCK_CAPTURE_AUTORELEASING = YES;
				CLANG_WARN_BOOL_CONVERSION = YES;
				CLANG_WARN_COMMA = YES;
				CLANG_WARN_CONSTANT_CONVERSION = YES;
				CLANG_WARN_DEPRECATED_OBJC_IMPLEMENTATIONS = YES;
				CLANG_WARN_DIRECT_OBJC_ISA_USAGE = YES_ERROR;
				CLANG_WARN_DOCUMENTATION_COMMENTS = YES;
				CLANG_WARN_EMPTY_BODY = YES;
				CLANG_WARN_ENUM_CONVERSION = YES;
				CLANG_WARN_INFINITE_RECURSION = YES;
				CLANG_WARN_INT_CONVERSION = YES;
				CLANG_WARN_NON_LITERAL_NULL_CONVERSION = YES;
				CLANG_WARN_OBJC_IMPLICIT_RETAIN_SELF = YES;
				CLANG_WARN_OBJC_LITERAL_CONVERSION = YES;
				CLANG_WARN_OBJC_ROOT_CLASS = YES_ERROR;
				CLANG_WARN_QUOTED_INCLUDE_IN_FRAMEWORK_HEADER = YES;
				CLANG_WARN_RANGE_LOOP_ANALYSIS = YES;
				CLANG_WARN_STRICT_PROTOTYPES = YES;
				CLANG_WARN_SUSPICIOUS_MOVE = YES;
				CLANG_WARN_UNGUARDED_AVAILABILITY = YES_AGGRESSIVE;
				CLANG_WARN_UNREACHABLE_CODE = YES;
				CLANG_WARN__DUPLICATE_METHOD_MATCH = YES;
				COPY_PHASE_STRIP = NO;
				DEBUG_INFORMATION_FORMAT = "dwarf-with-dsym";
				ENABLE_NS_ASSERTIONS = NO;
				ENABLE_STRICT_OBJC_MSGSEND = YES;
				ENABLE_USER_SCRIPT_SANDBOXING = YES;
				GCC_C_LANGUAGE_STANDARD = gnu17;
				GCC_NO_COMMON_BLOCKS = YES;
				GCC_WARN_64_TO_32_BIT_CONVERSION = YES;
				GCC_WARN_ABOUT_RETURN_TYPE = YES_ERROR;
				GCC_WARN_UNDECLARED_SELECTOR = YES;
				GCC_WARN_UNINITIALIZED_AUTOS = YES_AGGRESSIVE;
				GCC_WARN_UNUSED_FUNCTION = YES;
				GCC_WARN_UNUSED_VARIABLE = YES;
				LOCALIZATION_PREFERS_STRING_CATALOGS = YES;
				MACOSX_DEPLOYMENT_TARGET = 14.2;
				MTL_ENABLE_DEBUG_INFO = NO;
				MTL_FAST_MATH = YES;
				SDKROOT = macosx;
				SWIFT_COMPILATION_MODE = wholemodule;
			};
			name = Release;
		};
		30B2B6BF2B9DCA1E00DF397D /* Debug */ = {
			isa = XCBuildConfiguration;
			buildSettings = {
				"CODE_SIGN_IDENTITY[sdk=macosx*]" = "Apple Development";
				CODE_SIGN_STYLE = Automatic;
				DEVELOPMENT_TEAM = RH487T77ZJ;
				ENABLE_HARDENED_RUNTIME = YES;
				PRODUCT_BUNDLE_IDENTIFIER = com.inflosoft.pdc;
				PRODUCT_NAME = "$(TARGET_NAME)";
				SWIFT_VERSION = 5.0;
			};
			name = Debug;
		};
		30B2B6C02B9DCA1E00DF397D /* Release */ = {
			isa = XCBuildConfiguration;
			buildSettings = {
				"CODE_SIGN_IDENTITY[sdk=macosx*]" = "Apple Development";
				CODE_SIGN_STYLE = Automatic;
				DEVELOPMENT_TEAM = RH487T77ZJ;
				ENABLE_HARDENED_RUNTIME = YES;
				PRODUCT_BUNDLE_IDENTIFIER = com.inflosoft.pdc;
				PRODUCT_NAME = "$(TARGET_NAME)";
				SWIFT_VERSION = 5.0;
			};
			name = Release;
		};
/* End XCBuildConfiguration section */

/* Begin XCConfigurationList section */
		30B2B6B22B9DCA1E00DF397D /* Build configuration list for PBXProject "pdc" */ = {
			isa = XCConfigurationList;
			buildConfigurations = (
				30B2B6BC2B9DCA1E00DF397D /* Debug */,
				30B2B6BD2B9DCA1E00DF397D /* Release */,
			);
			defaultConfigurationIsVisible = 0;
			defaultConfigurationName = Release;
		};
		30B2B6BE2B9DCA1E00DF397D /* Build configuration list for PBXNativeTarget "pdc" */ = {
			isa = XCConfigurationList;
			buildConfigurations = (
				30B2B6BF2B9DCA1E00DF397D /* Debug */,
				30B2B6C02B9DCA1E00DF397D /* Release */,
			);
			defaultConfigurationIsVisible = 0;
			defaultConfigurationName = Release;
		};
/* End XCConfigurationList section */

/* Begin XCRemoteSwiftPackageReference section */
		30A007412BA16CE0001EB69E /* XCRemoteSwiftPackageReference "swift-log" */ = {
			isa = XCRemoteSwiftPackageReference;
			repositoryURL = "https://github.com/apple/swift-log.git";
			requirement = {
				kind = upToNextMajorVersion;
				minimumVersion = 1.5.4;
			};
		};
		30A007442BA16CF6001EB69E /* XCRemoteSwiftPackageReference "swift-log-file" */ = {
			isa = XCRemoteSwiftPackageReference;
			repositoryURL = "https://github.com/crspybits/swift-log-file.git";
			requirement = {
				kind = upToNextMajorVersion;
				minimumVersion = 0.1.0;
			};
		};
		30B6F8312B9F3AE900FA1F1C /* XCRemoteSwiftPackageReference "swift-argument-parser" */ = {
			isa = XCRemoteSwiftPackageReference;
			repositoryURL = "https://github.com/apple/swift-argument-parser.git";
			requirement = {
				kind = upToNextMajorVersion;
				minimumVersion = 1.3.0;
			};
		};
/* End XCRemoteSwiftPackageReference section */

/* Begin XCSwiftPackageProductDependency section */
		30A007422BA16CE0001EB69E /* Logging */ = {
			isa = XCSwiftPackageProductDependency;
			package = 30A007412BA16CE0001EB69E /* XCRemoteSwiftPackageReference "swift-log" */;
			productName = Logging;
		};
		30A007452BA16CF6001EB69E /* FileLogging */ = {
			isa = XCSwiftPackageProductDependency;
			package = 30A007442BA16CF6001EB69E /* XCRemoteSwiftPackageReference "swift-log-file" */;
			productName = FileLogging;
		};
		30B6F8322B9F3AE900FA1F1C /* ArgumentParser */ = {
			isa = XCSwiftPackageProductDependency;
			package = 30B6F8312B9F3AE900FA1F1C /* XCRemoteSwiftPackageReference "swift-argument-parser" */;
			productName = ArgumentParser;
		};
/* End XCSwiftPackageProductDependency section */
	};
	rootObject = 30B2B6AF2B9DCA1E00DF397D /* Project object */;
}
